# This file is automatically @generated by Cargo.
# It is not intended for manual editing.
[[package]]
name = "autocfg"
version = "0.1.7"
source = "registry+https://github.com/rust-lang/crates.io-index"

[[package]]
name = "basic_pbt_demo"
version = "0.1.0"
dependencies = [
 "rulinalg 0.4.2 (registry+https://github.com/rust-lang/crates.io-index)",
]

[[package]]
name = "matrixmultiply"
version = "0.1.15"
source = "registry+https://github.com/rust-lang/crates.io-index"
dependencies = [
 "rawpointer 0.1.0 (registry+https://github.com/rust-lang/crates.io-index)",
]

[[package]]
name = "num"
version = "0.1.42"
source = "registry+https://github.com/rust-lang/crates.io-index"
dependencies = [
 "num-integer 0.1.41 (registry+https://github.com/rust-lang/crates.io-index)",
 "num-iter 0.1.39 (registry+https://github.com/rust-lang/crates.io-index)",
 "num-traits 0.2.10 (registry+https://github.com/rust-lang/crates.io-index)",
]

[[package]]
name = "num-integer"
version = "0.1.41"
source = "registry+https://github.com/rust-lang/crates.io-index"
dependencies = [
 "autocfg 0.1.7 (registry+https://github.com/rust-lang/crates.io-index)",
 "num-traits 0.2.10 (registry+https://github.com/rust-lang/crates.io-index)",
]

[[package]]
name = "num-iter"
version = "0.1.39"
source = "registry+https://github.com/rust-lang/crates.io-index"
dependencies = [
 "autocfg 0.1.7 (registry+https://github.com/rust-lang/crates.io-index)",
 "num-integer 0.1.41 (registry+https://github.com/rust-lang/crates.io-index)",
 "num-traits 0.2.10 (registry+https://github.com/rust-lang/crates.io-index)",
]

[[package]]
name = "num-traits"
version = "0.2.10"
source = "registry+https://github.com/rust-lang/crates.io-index"
dependencies = [
 "autocfg 0.1.7 (registry+https://github.com/rust-lang/crates.io-index)",
]

[[package]]
name = "rawpointer"
version = "0.1.0"
source = "registry+https://github.com/rust-lang/crates.io-index"

[[package]]
name = "rulinalg"
version = "0.4.2"
source = "registry+https://github.com/rust-lang/crates.io-index"
dependencies = [
 "matrixmultiply 0.1.15 (registry+https://github.com/rust-lang/crates.io-index)",
 "num 0.1.42 (registry+https://github.com/rust-lang/crates.io-index)",
]

[metadata]
"checksum autocfg 0.1.7 (registry+https://github.com/rust-lang/crates.io-index)" = "1d49d90015b3c36167a20fe2810c5cd875ad504b39cff3d4eae7977e6b7c1cb2"
"checksum matrixmultiply 0.1.15 (registry+https://github.com/rust-lang/crates.io-index)" = "dcad67dcec2d58ff56f6292582377e6921afdf3bfbd533e26fb8900ae575e002"
"checksum num 0.1.42 (registry+https://github.com/rust-lang/crates.io-index)" = "4703ad64153382334aa8db57c637364c322d3372e097840c72000dabdcf6156e"
"checksum num-integer 0.1.41 (registry+https://github.com/rust-lang/crates.io-index)" = "b85e541ef8255f6cf42bbfe4ef361305c6c135d10919ecc26126c4e5ae94bc09"
"checksum num-iter 0.1.39 (registry+https://github.com/rust-lang/crates.io-index)" = "76bd5272412d173d6bf9afdf98db8612bbabc9a7a830b7bfc9c188911716132e"
"checksum num-traits 0.2.10 (registry+https://github.com/rust-lang/crates.io-index)" = "d4c81ffc11c212fa327657cb19dd85eb7419e163b5b076bede2bdb5c974c07e4"
"checksum rawpointer 0.1.0 (registry+https://github.com/rust-lang/crates.io-index)" = "ebac11a9d2e11f2af219b8b8d833b76b1ea0e054aa0e8d8e9e4cbde353bdf019"
"checksum rulinalg 0.4.2 (registry+https://github.com/rust-lang/crates.io-index)" = "04ada202c9685e1d72a7420c578e92b358dbf807d3dfabb676a3dab9cc3bb12f"
